// !$*UTF8*$!
{
	archiveVersion = 1;
	classes = {
	};
	objectVersion = 48;
	objects = {

/* Begin PBXBuildFile section */
		27105B5820CBE4BF00FA37F1 /* AppDelegate.swift in Sources */ = {isa = PBXBuildFile; fileRef = 27105B5720CBE4BF00FA37F1 /* AppDelegate.swift */; };
		27105B5A20CBE4BF00FA37F1 /* ToDoListViewController.swift in Sources */ = {isa = PBXBuildFile; fileRef = 27105B5920CBE4BF00FA37F1 /* ToDoListViewController.swift */; };
		27105B5D20CBE4BF00FA37F1 /* Main.storyboard in Resources */ = {isa = PBXBuildFile; fileRef = 27105B5B20CBE4BF00FA37F1 /* Main.storyboard */; };
		27105B5F20CBE4BF00FA37F1 /* Assets.xcassets in Resources */ = {isa = PBXBuildFile; fileRef = 27105B5E20CBE4BF00FA37F1 /* Assets.xcassets */; };
		27105B6220CBE4BF00FA37F1 /* LaunchScreen.storyboard in Resources */ = {isa = PBXBuildFile; fileRef = 27105B6020CBE4BF00FA37F1 /* LaunchScreen.storyboard */; };
		27F745AA20CD835C000F6BE2 /* ItemModel.swift in Sources */ = {isa = PBXBuildFile; fileRef = 27F745A920CD835C000F6BE2 /* ItemModel.swift */; };
/* End PBXBuildFile section */

/* Begin PBXFileReference section */
		27105B5420CBE4BF00FA37F1 /* ToDO.app */ = {isa = PBXFileReference; explicitFileType = wrapper.application; includeInIndex = 0; path = ToDO.app; sourceTree = BUILT_PRODUCTS_DIR; };
		27105B5720CBE4BF00FA37F1 /* AppDelegate.swift */ = {isa = PBXFileReference; lastKnownFileType = sourcecode.swift; path = AppDelegate.swift; sourceTree = "<group>"; };
		27105B5920CBE4BF00FA37F1 /* ToDoListViewController.swift */ = {isa = PBXFileReference; lastKnownFileType = sourcecode.swift; path = ToDoListViewController.swift; sourceTree = "<group>"; };
		27105B5C20CBE4BF00FA37F1 /* Base */ = {isa = PBXFileReference; lastKnownFileType = file.storyboard; name = Base; path = Base.lproj/Main.storyboard; sourceTree = "<group>"; };
		27105B5E20CBE4BF00FA37F1 /* Assets.xcassets */ = {isa = PBXFileReference; lastKnownFileType = folder.assetcatalog; path = Assets.xcassets; sourceTree = "<group>"; };
		27105B6120CBE4BF00FA37F1 /* Base */ = {isa = PBXFileReference; lastKnownFileType = file.storyboard; name = Base; path = Base.lproj/LaunchScreen.storyboard; sourceTree = "<group>"; };
		27105B6320CBE4BF00FA37F1 /* Info.plist */ = {isa = PBXFileReference; lastKnownFileType = text.plist.xml; path = Info.plist; sourceTree = "<group>"; };
		27F745A920CD835C000F6BE2 /* ItemModel.swift */ = {isa = PBXFileReference; lastKnownFileType = sourcecode.swift; path = ItemModel.swift; sourceTree = "<group>"; };
/* End PBXFileReference section */

/* Begin PBXFrameworksBuildPhase section */
		27105B5120CBE4BF00FA37F1 /* Frameworks */ = {
			isa = PBXFrameworksBuildPhase;
			buildActionMask = 2147483647;
			files = (
			);
			runOnlyForDeploymentPostprocessing = 0;
		};
/* End PBXFrameworksBuildPhase section */

/* Begin PBXGroup section */
		27105B4B20CBE4BF00FA37F1 = {
			isa = PBXGroup;
			children = (
				27105B5620CBE4BF00FA37F1 /* ToDO */,
				27105B5520CBE4BF00FA37F1 /* Products */,
			);
			sourceTree = "<group>";
		};
		27105B5520CBE4BF00FA37F1 /* Products */ = {
			isa = PBXGroup;
			children = (
				27105B5420CBE4BF00FA37F1 /* ToDO.app */,
			);
			name = Products;
			sourceTree = "<group>";
		};
		27105B5620CBE4BF00FA37F1 /* ToDO */ = {
			isa = PBXGroup;
			children = (
				27105B5720CBE4BF00FA37F1 /* AppDelegate.swift */,
				27F745AB20CD850B000F6BE2 /* Data Model */,
				27F745AD20CD8559000F6BE2 /* View */,
				27F745AE20CD8563000F6BE2 /* Controller */,
				27F745AC20CD854A000F6BE2 /* Supporting Files */,
				27105B6320CBE4BF00FA37F1 /* Info.plist */,
			);
			path = ToDO;
			sourceTree = "<group>";
		};
		27F745AB20CD850B000F6BE2 /* Data Model */ = {
			isa = PBXGroup;
			children = (
				27F745A920CD835C000F6BE2 /* ItemModel.swift */,
			);
			path = "Data Model";
			sourceTree = "<group>";
		};
		27F745AC20CD854A000F6BE2 /* Supporting Files */ = {
			isa = PBXGroup;
			children = (
				27105B5E20CBE4BF00FA37F1 /* Assets.xcassets */,
				27105B6020CBE4BF00FA37F1 /* LaunchScreen.storyboard */,
			);
			path = "Supporting Files";
			sourceTree = "<group>";
		};
		27F745AD20CD8559000F6BE2 /* View */ = {
			isa = PBXGroup;
			children = (
				27105B5B20CBE4BF00FA37F1 /* Main.storyboard */,
			);
			path = View;
			sourceTree = "<group>";
		};
		27F745AE20CD8563000F6BE2 /* Controller */ = {
			isa = PBXGroup;
			children = (
				27105B5920CBE4BF00FA37F1 /* ToDoListViewController.swift */,
			);
			path = Controller;
			sourceTree = "<group>";
		};
/* End PBXGroup section */

/* Begin PBXNativeTarget section */
		27105B5320CBE4BF00FA37F1 /* ToDO */ = {
			isa = PBXNativeTarget;
			buildConfigurationList = 27105B6620CBE4BF00FA37F1 /* Build configuration list for PBXNativeTarget "ToDO" */;
			buildPhases = (
				27105B5020CBE4BF00FA37F1 /* Sources */,
				27105B5120CBE4BF00FA37F1 /* Frameworks */,
				27105B5220CBE4BF00FA37F1 /* Resources */,
			);
			buildRules = (
			);
			dependencies = (
			);
			name = ToDO;
			productName = ToDO;
			productReference = 27105B5420CBE4BF00FA37F1 /* ToDO.app */;
			productType = "com.apple.product-type.application";
		};
/* End PBXNativeTarget section */

/* Begin PBXProject section */
		27105B4C20CBE4BF00FA37F1 /* Project object */ = {
			isa = PBXProject;
			attributes = {
				LastSwiftUpdateCheck = 0920;
				LastUpgradeCheck = 1000;
				ORGANIZATIONNAME = "Daljeet Singh Chhabra";
				TargetAttributes = {
					27105B5320CBE4BF00FA37F1 = {
						CreatedOnToolsVersion = 9.2;
						LastSwiftMigration = 1000;
						ProvisioningStyle = Automatic;
					};
				};
			};
			buildConfigurationList = 27105B4F20CBE4BF00FA37F1 /* Build configuration list for PBXProject "ToDO" */;
			compatibilityVersion = "Xcode 8.0";
			developmentRegion = en;
			hasScannedForEncodings = 0;
			knownRegions = (
				en,
				Base,
			);
			mainGroup = 27105B4B20CBE4BF00FA37F1;
			productRefGroup = 27105B5520CBE4BF00FA37F1 /* Products */;
			projectDirPath = "";
			projectRoot = "";
			targets = (
				27105B5320CBE4BF00FA37F1 /* ToDO */,
			);
		};
/* End PBXProject section */

/* Begin PBXResourcesBuildPhase section */
		27105B5220CBE4BF00FA37F1 /* Resources */ = {
			isa = PBXResourcesBuildPhase;
			buildActionMask = 2147483647;
			files = (
				27105B6220CBE4BF00FA37F1 /* LaunchScreen.storyboard in Resources */,
				27105B5F20CBE4BF00FA37F1 /* Assets.xcassets in Resources */,
				27105B5D20CBE4BF00FA37F1 /* Main.storyboard in Resources */,
			);
			runOnlyForDeploymentPostprocessing = 0;
		};
/* End PBXResourcesBuildPhase section */

/* Begin PBXSourcesBuildPhase section */
		27105B5020CBE4BF00FA37F1 /* Sources */ = {
			isa = PBXSourcesBuildPhase;
			buildActionMask = 2147483647;
			files = (
				27F745AA20CD835C000F6BE2 /* ItemModel.swift in Sources */,
				27105B5A20CBE4BF00FA37F1 /* ToDoListViewController.swift in Sources */,
				27105B5820CBE4BF00FA37F1 /* AppDelegate.swift in Sources */,
			);
			runOnlyForDeploymentPostprocessing = 0;
		};
/* End PBXSourcesBuildPhase section */

/* Begin PBXVariantGroup section */
		27105B5B20CBE4BF00FA37F1 /* Main.storyboard */ = {
			isa = PBXVariantGroup;
			children = (
				27105B5C20CBE4BF00FA37F1 /* Base */,
			);
			name = Main.storyboard;
			sourceTree = "<group>";
		};
		27105B6020CBE4BF00FA37F1 /* LaunchScreen.storyboard */ = {
			isa = PBXVariantGroup;
			children = (
				27105B6120CBE4BF00FA37F1 /* Base */,
			);
			name = LaunchScreen.storyboard;
			sourceTree = "<group>";
		};
/* End PBXVariantGroup section */

/* Begin XCBuildConfiguration section */
		27105B6420CBE4BF00FA37F1 /* Debug */ = {
			isa = XCBuildConfiguration;
			buildSettings = {
				ALWAYS_SEARCH_USER_PATHS = NO;
				CLANG_ANALYZER_NONNULL = YES;
				CLANG_ANALYZER_NUMBER_OBJECT_CONVERSION = YES_AGGRESSIVE;
				CLANG_CXX_LANGUAGE_STANDARD = "gnu++14";
				CLANG_CXX_LIBRARY = "libc++";
				CLANG_ENABLE_MODULES = YES;
				CLANG_ENABLE_OBJC_ARC = YES;
				CLANG_WARN_BLOCK_CAPTURE_AUTORELEASING = YES;
				CLANG_WARN_BOOL_CONVERSION = YES;
				CLANG_WARN_COMMA = YES;
				CLANG_WARN_CONSTANT_CONVERSION = YES;
				CLANG_WARN_DEPRECATED_OBJC_IMPLEMENTATIONS = YES;
				CLANG_WARN_DIRECT_OBJC_ISA_USAGE = YES_ERROR;
				CLANG_WARN_DOCUMENTATION_COMMENTS = YES;
				CLANG_WARN_EMPTY_BODY = YES;
				CLANG_WARN_ENUM_CONVERSION = YES;
				CLANG_WARN_INFINITE_RECURSION = YES;
				CLANG_WARN_INT_CONVERSION = YES;
				CLANG_WARN_NON_LITERAL_NULL_CONVERSION = YES;
				CLANG_WARN_OBJC_IMPLICIT_RETAIN_SELF = YES;
				CLANG_WARN_OBJC_LITERAL_CONVERSION = YES;
				CLANG_WARN_OBJC_ROOT_CLASS = YES_ERROR;
				CLANG_WARN_RANGE_LOOP_ANALYSIS = YES;
				CLANG_WARN_STRICT_PROTOTYPES = YES;
				CLANG_WARN_SUSPICIOUS_MOVE = YES;
				CLANG_WARN_UNGUARDED_AVAILABILITY = YES_AGGRESSIVE;
				CLANG_WARN_UNREACHABLE_CODE = YES;
				CLANG_WARN__DUPLICATE_METHOD_MATCH = YES;
				CODE_SIGN_IDENTITY = "iPhone Developer";
				COPY_PHASE_STRIP = NO;
				DEBUG_INFORMATION_FORMAT = dwarf;
				ENABLE_STRICT_OBJC_MSGSEND = YES;
				ENABLE_TESTABILITY = YES;
				GCC_C_LANGUAGE_STANDARD = gnu11;
				GCC_DYNAMIC_NO_PIC = NO;
				GCC_NO_COMMON_BLOCKS = YES;
				GCC_OPTIMIZATION_LEVEL = 0;
				GCC_PREPROCESSOR_DEFINITIONS = (
					"DEBUG=1",
					"$(inherited)",
				);
				GCC_WARN_64_TO_32_BIT_CONVERSION = YES;
				GCC_WARN_ABOUT_RETURN_TYPE = YES_ERROR;
				GCC_WARN_UNDECLARED_SELECTOR = YES;
				GCC_WARN_UNINITIALIZED_AUTOS = YES_AGGRESSIVE;
				GCC_WARN_UNUSED_FUNCTION = YES;
				GCC_WARN_UNUSED_VARIABLE = YES;
				IPHONEOS_DEPLOYMENT_TARGET = 11.2;
				MTL_ENABLE_DEBUG_INFO = YES;
				ONLY_ACTIVE_ARCH = YES;
				SDKROOT = iphoneos;
				SWIFT_ACTIVE_COMPILATION_CONDITIONS = DEBUG;
				SWIFT_OPTIMIZATION_LEVEL = "-Onone";
			};
			name = Debug;
		};
		27105B6520CBE4BF00FA37F1 /* Release */ = {
			isa = XCBuildConfiguration;
			buildSettings = {
				ALWAYS_SEARCH_USER_PATHS = NO;
				CLANG_ANALYZER_NONNULL = YES;
				CLANG_ANALYZER_NUMBER_OBJECT_CONVERSION = YES_AGGRESSIVE;
				CLANG_CXX_LANGUAGE_STANDARD = "gnu++14";
				CLANG_CXX_LIBRARY = "libc++";
				CLANG_ENABLE_MODULES = YES;
				CLANG_ENABLE_OBJC_ARC = YES;
				CLANG_WARN_BLOCK_CAPTURE_AUTORELEASING = YES;
				CLANG_WARN_BOOL_CONVERSION = YES;
				CLANG_WARN_COMMA = YES;
				CLANG_WARN_CONSTANT_CONVERSION = YES;
				CLANG_WARN_DEPRECATED_OBJC_IMPLEMENTATIONS = YES;
				CLANG_WARN_DIRECT_OBJC_ISA_USAGE = YES_ERROR;
				CLANG_WARN_DOCUMENTATION_COMMENTS = YES;
				CLANG_WARN_EMPTY_BODY = YES;
				CLANG_WARN_ENUM_CONVERSION = YES;
				CLANG_WARN_INFINITE_RECURSION = YES;
				CLANG_WARN_INT_CONVERSION = YES;
				CLANG_WARN_NON_LITERAL_NULL_CONVERSION = YES;
				CLANG_WARN_OBJC_IMPLICIT_RETAIN_SELF = YES;
				CLANG_WARN_OBJC_LITERAL_CONVERSION = YES;
				CLANG_WARN_OBJC_ROOT_CLASS = YES_ERROR;
				CLANG_WARN_RANGE_LOOP_ANALYSIS = YES;
				CLANG_WARN_STRICT_PROTOTYPES = YES;
				CLANG_WARN_SUSPICIOUS_MOVE = YES;
				CLANG_WARN_UNGUARDED_AVAILABILITY = YES_AGGRESSIVE;
				CLANG_WARN_UNREACHABLE_CODE = YES;
				CLANG_WARN__DUPLICATE_METHOD_MATCH = YES;
				CODE_SIGN_IDENTITY = "iPhone Developer";
				COPY_PHASE_STRIP = NO;
				DEBUG_INFORMATION_FORMAT = "dwarf-with-dsym";
				ENABLE_NS_ASSERTIONS = NO;
				ENABLE_STRICT_OBJC_MSGSEND = YES;
				GCC_C_LANGUAGE_STANDARD = gnu11;
				GCC_NO_COMMON_BLOCKS = YES;
				GCC_WARN_64_TO_32_BIT_CONVERSION = YES;
				GCC_WARN_ABOUT_RETURN_TYPE = YES_ERROR;
				GCC_WARN_UNDECLARED_SELECTOR = YES;
				GCC_WARN_UNINITIALIZED_AUTOS = YES_AGGRESSIVE;
				GCC_WARN_UNUSED_FUNCTION = YES;
				GCC_WARN_UNUSED_VARIABLE = YES;
				IPHONEOS_DEPLOYMENT_TARGET = 11.2;
				MTL_ENABLE_DEBUG_INFO = NO;
				SDKROOT = iphoneos;
				SWIFT_OPTIMIZATION_LEVEL = "-Owholemodule";
				VALIDATE_PRODUCT = YES;
			};
			name = Release;
		};
		27105B6720CBE4BF00FA37F1 /* Debug */ = {
			isa = XCBuildConfiguration;
			buildSettings = {
				ASSETCATALOG_COMPILER_APPICON_NAME = AppIcon;
				CODE_SIGN_STYLE = Automatic;
				DEVELOPMENT_TEAM = 3DSRKK28Q7;
				INFOPLIST_FILE = ToDO/Info.plist;
				IPHONEOS_DEPLOYMENT_TARGET = 9.0;
				LD_RUNPATH_SEARCH_PATHS = "$(inherited) @executable_path/Frameworks";
				PRODUCT_BUNDLE_IDENTIFIER = com.dsc.ToDO;
				PRODUCT_NAME = "$(TARGET_NAME)";
				SWIFT_VERSION = 4.2;
				TARGETED_DEVICE_FAMILY = "1,2";
			};
			name = Debug;
		};
		27105B6820CBE4BF00FA37F1 /* Release */ = {
			isa = XCBuildConfiguration;
			buildSettings = {
				ASSETCATALOG_COMPILER_APPICON_NAME = AppIcon;
				CODE_SIGN_STYLE = Automatic;
				DEVELOPMENT_TEAM = 3DSRKK28Q7;
				INFOPLIST_FILE = ToDO/Info.plist;
				IPHONEOS_DEPLOYMENT_TARGET = 9.0;
				LD_RUNPATH_SEARCH_PATHS = "$(inherited) @executable_path/Frameworks";
				PRODUCT_BUNDLE_IDENTIFIER = com.dsc.ToDO;
				PRODUCT_NAME = "$(TARGET_NAME)";
				SWIFT_VERSION = 4.2;
				TARGETED_DEVICE_FAMILY = "1,2";
			};
			name = Release;
		};
/* End XCBuildConfiguration section */

/* Begin XCConfigurationList section */
		27105B4F20CBE4BF00FA37F1 /* Build configuration list for PBXProject "ToDO" */ = {
			isa = XCConfigurationList;
			buildConfigurations = (
				27105B6420CBE4BF00FA37F1 /* Debug */,
				27105B6520CBE4BF00FA37F1 /* Release */,
			);
			defaultConfigurationIsVisible = 0;
			defaultConfigurationName = Release;
		};
		27105B6620CBE4BF00FA37F1 /* Build configuration list for PBXNativeTarget "ToDO" */ = {
			isa = XCConfigurationList;
			buildConfigurations = (
				27105B6720CBE4BF00FA37F1 /* Debug */,
				27105B6820CBE4BF00FA37F1 /* Release */,
			);
			defaultConfigurationIsVisible = 0;
			defaultConfigurationName = Release;
		};
/* End XCConfigurationList section */
	};
	rootObject = 27105B4C20CBE4BF00FA37F1 /* Project object */;
}
